// !$*UTF8*$!
{
	archiveVersion = 1;
	classes = {
	};
	objectVersion = 48;
	objects = {

/* Begin PBXBuildFile section */
		8718A274D606220CD5FF4AE1 /* Pods_LearnyTheWormy.framework in Frameworks */ = {isa = PBXBuildFile; fileRef = D869428B084E44E11A09683B /* Pods_LearnyTheWormy.framework */; };
		9941100B1FA40CF10070E187 /* AppDelegate.swift in Sources */ = {isa = PBXBuildFile; fileRef = 9941100A1FA40CF10070E187 /* AppDelegate.swift */; };
		9941100D1FA40CF10070E187 /* ViewController.swift in Sources */ = {isa = PBXBuildFile; fileRef = 9941100C1FA40CF10070E187 /* ViewController.swift */; };
		994110101FA40CF10070E187 /* Main.storyboard in Resources */ = {isa = PBXBuildFile; fileRef = 9941100E1FA40CF10070E187 /* Main.storyboard */; };
		994110121FA40CF10070E187 /* Assets.xcassets in Resources */ = {isa = PBXBuildFile; fileRef = 994110111FA40CF10070E187 /* Assets.xcassets */; };
		994110151FA40CF10070E187 /* LaunchScreen.storyboard in Resources */ = {isa = PBXBuildFile; fileRef = 994110131FA40CF10070E187 /* LaunchScreen.storyboard */; };
		9941101E1FA41F270070E187 /* UIColor.swift in Sources */ = {isa = PBXBuildFile; fileRef = 9941101D1FA41F270070E187 /* UIColor.swift */; };
		99437D271FA46428007515F1 /* NetworkRequest.swift in Sources */ = {isa = PBXBuildFile; fileRef = 99437D261FA46428007515F1 /* NetworkRequest.swift */; };
		997C327E1FA5681400D033BD /* WormSpeech.swift in Sources */ = {isa = PBXBuildFile; fileRef = 997C327D1FA5681400D033BD /* WormSpeech.swift */; };
		997C32801FA5691800D033BD /* UIViewController.swift in Sources */ = {isa = PBXBuildFile; fileRef = 997C327F1FA5691800D033BD /* UIViewController.swift */; };
		997C32831FA57B6600D033BD /* String.swift in Sources */ = {isa = PBXBuildFile; fileRef = 997C32821FA57B6600D033BD /* String.swift */; };
		9986F52A1FA510C7006357B7 /* LWLabel.swift in Sources */ = {isa = PBXBuildFile; fileRef = 9986F5291FA510C7006357B7 /* LWLabel.swift */; };
		9986F52E1FA52173006357B7 /* Bubblegum.ttf in Resources */ = {isa = PBXBuildFile; fileRef = 9986F52C1FA5215C006357B7 /* Bubblegum.ttf */; };
		998A0BBB1FA4404600C88875 /* LWTextField.swift in Sources */ = {isa = PBXBuildFile; fileRef = 998A0BBA1FA4404600C88875 /* LWTextField.swift */; };
		99CAC3811FA5536800A81195 /* bubblePop.wav in Resources */ = {isa = PBXBuildFile; fileRef = 99CAC3801FA5536800A81195 /* bubblePop.wav */; };
		99EB5EB41FA59A00006F236C /* AvatarViewController.swift in Sources */ = {isa = PBXBuildFile; fileRef = 99EB5EB31FA59A00006F236C /* AvatarViewController.swift */; };
		99EB5EB71FA5AF3C006F236C /* AvatarCell.swift in Sources */ = {isa = PBXBuildFile; fileRef = 99EB5EB61FA5AF3C006F236C /* AvatarCell.swift */; };
/* End PBXBuildFile section */

/* Begin PBXFileReference section */
		2F24222C75FA2E217E7B1DF9 /* Pods-LearnyTheWormy.release.xcconfig */ = {isa = PBXFileReference; includeInIndex = 1; lastKnownFileType = text.xcconfig; name = "Pods-LearnyTheWormy.release.xcconfig"; path = "Pods/Target Support Files/Pods-LearnyTheWormy/Pods-LearnyTheWormy.release.xcconfig"; sourceTree = "<group>"; };
		4A9EA31B75CA6C59F23ED790 /* Pods-LearnyTheWormy.debug.xcconfig */ = {isa = PBXFileReference; includeInIndex = 1; lastKnownFileType = text.xcconfig; name = "Pods-LearnyTheWormy.debug.xcconfig"; path = "Pods/Target Support Files/Pods-LearnyTheWormy/Pods-LearnyTheWormy.debug.xcconfig"; sourceTree = "<group>"; };
		994110071FA40CF10070E187 /* LearnyTheWormy.app */ = {isa = PBXFileReference; explicitFileType = wrapper.application; includeInIndex = 0; path = LearnyTheWormy.app; sourceTree = BUILT_PRODUCTS_DIR; };
		9941100A1FA40CF10070E187 /* AppDelegate.swift */ = {isa = PBXFileReference; lastKnownFileType = sourcecode.swift; path = AppDelegate.swift; sourceTree = "<group>"; };
		9941100C1FA40CF10070E187 /* ViewController.swift */ = {isa = PBXFileReference; lastKnownFileType = sourcecode.swift; path = ViewController.swift; sourceTree = "<group>"; };
		9941100F1FA40CF10070E187 /* Base */ = {isa = PBXFileReference; lastKnownFileType = file.storyboard; name = Base; path = Base.lproj/Main.storyboard; sourceTree = "<group>"; };
		994110111FA40CF10070E187 /* Assets.xcassets */ = {isa = PBXFileReference; lastKnownFileType = folder.assetcatalog; path = Assets.xcassets; sourceTree = "<group>"; };
		994110141FA40CF10070E187 /* Base */ = {isa = PBXFileReference; lastKnownFileType = file.storyboard; name = Base; path = Base.lproj/LaunchScreen.storyboard; sourceTree = "<group>"; };
		994110161FA40CF10070E187 /* Info.plist */ = {isa = PBXFileReference; lastKnownFileType = text.plist.xml; path = Info.plist; sourceTree = "<group>"; };
		9941101D1FA41F270070E187 /* UIColor.swift */ = {isa = PBXFileReference; lastKnownFileType = sourcecode.swift; path = UIColor.swift; sourceTree = "<group>"; };
		99437D261FA46428007515F1 /* NetworkRequest.swift */ = {isa = PBXFileReference; lastKnownFileType = sourcecode.swift; path = NetworkRequest.swift; sourceTree = "<group>"; };
		997C327D1FA5681400D033BD /* WormSpeech.swift */ = {isa = PBXFileReference; lastKnownFileType = sourcecode.swift; path = WormSpeech.swift; sourceTree = "<group>"; };
		997C327F1FA5691800D033BD /* UIViewController.swift */ = {isa = PBXFileReference; lastKnownFileType = sourcecode.swift; path = UIViewController.swift; sourceTree = "<group>"; };
		997C32821FA57B6600D033BD /* String.swift */ = {isa = PBXFileReference; lastKnownFileType = sourcecode.swift; path = String.swift; sourceTree = "<group>"; };
		9986F5291FA510C7006357B7 /* LWLabel.swift */ = {isa = PBXFileReference; lastKnownFileType = sourcecode.swift; path = LWLabel.swift; sourceTree = "<group>"; };
		9986F52C1FA5215C006357B7 /* Bubblegum.ttf */ = {isa = PBXFileReference; lastKnownFileType = file; path = Bubblegum.ttf; sourceTree = "<group>"; };
		998A0BBA1FA4404600C88875 /* LWTextField.swift */ = {isa = PBXFileReference; lastKnownFileType = sourcecode.swift; path = LWTextField.swift; sourceTree = "<group>"; };
		99ADAAF91FA52F9F007CD13A /* AVFoundation.framework */ = {isa = PBXFileReference; lastKnownFileType = wrapper.framework; name = AVFoundation.framework; path = System/Library/Frameworks/AVFoundation.framework; sourceTree = SDKROOT; };
		99CAC3801FA5536800A81195 /* bubblePop.wav */ = {isa = PBXFileReference; lastKnownFileType = audio.wav; name = bubblePop.wav; path = ../../../../bubblePop.wav; sourceTree = "<group>"; };
		99EB5EB31FA59A00006F236C /* AvatarViewController.swift */ = {isa = PBXFileReference; lastKnownFileType = sourcecode.swift; path = AvatarViewController.swift; sourceTree = "<group>"; };
		99EB5EB61FA5AF3C006F236C /* AvatarCell.swift */ = {isa = PBXFileReference; lastKnownFileType = sourcecode.swift; path = AvatarCell.swift; sourceTree = "<group>"; };
		D869428B084E44E11A09683B /* Pods_LearnyTheWormy.framework */ = {isa = PBXFileReference; explicitFileType = wrapper.framework; includeInIndex = 0; name = Pods_LearnyTheWormy.framework; path = "../../../../../../../../../Library/Developer/Xcode/DerivedData/LearnyTheWormy-bgudyuumdsvvfkbqkjxkssoldbup/Build/Products/Debug-iphoneos/Pods_LearnyTheWormy.framework"; sourceTree = SDKROOT; };
/* End PBXFileReference section */

/* Begin PBXFrameworksBuildPhase section */
		994110041FA40CF10070E187 /* Frameworks */ = {
			isa = PBXFrameworksBuildPhase;
			buildActionMask = 2147483647;
			files = (
				8718A274D606220CD5FF4AE1 /* Pods_LearnyTheWormy.framework in Frameworks */,
			);
			runOnlyForDeploymentPostprocessing = 0;
		};
/* End PBXFrameworksBuildPhase section */

/* Begin PBXGroup section */
		99410FFE1FA40CF10070E187 = {
			isa = PBXGroup;
			children = (
				994110091FA40CF10070E187 /* LearnyTheWormy */,
				994110081FA40CF10070E187 /* Products */,
				99ADAAF81FA52F9F007CD13A /* Frameworks */,
				E19BBDA594F93FCC9E6D6E3D /* Pods */,
			);
			sourceTree = "<group>";
		};
		994110081FA40CF10070E187 /* Products */ = {
			isa = PBXGroup;
			children = (
				994110071FA40CF10070E187 /* LearnyTheWormy.app */,
			);
			name = Products;
			sourceTree = "<group>";
		};
		994110091FA40CF10070E187 /* LearnyTheWormy */ = {
			isa = PBXGroup;
			children = (
				99EB5EB51FA5AEB0006F236C /* Views */,
				9941100A1FA40CF10070E187 /* AppDelegate.swift */,
				9941100C1FA40CF10070E187 /* ViewController.swift */,
				99EB5EB31FA59A00006F236C /* AvatarViewController.swift */,
				997C32811FA56C6C00D033BD /* Helper */,
				9941100E1FA40CF10070E187 /* Main.storyboard */,
				9941101C1FA41EDC0070E187 /* Extensions */,
				9986F52B1FA52132006357B7 /* Resources */,
				994110111FA40CF10070E187 /* Assets.xcassets */,
				994110131FA40CF10070E187 /* LaunchScreen.storyboard */,
				994110161FA40CF10070E187 /* Info.plist */,
			);
			path = LearnyTheWormy;
			sourceTree = "<group>";
		};
		9941101C1FA41EDC0070E187 /* Extensions */ = {
			isa = PBXGroup;
			children = (
				9941101D1FA41F270070E187 /* UIColor.swift */,
				998A0BBA1FA4404600C88875 /* LWTextField.swift */,
				9986F5291FA510C7006357B7 /* LWLabel.swift */,
				997C327F1FA5691800D033BD /* UIViewController.swift */,
				997C32821FA57B6600D033BD /* String.swift */,
			);
			path = Extensions;
			sourceTree = "<group>";
		};
		997C32811FA56C6C00D033BD /* Helper */ = {
			isa = PBXGroup;
			children = (
				997C327D1FA5681400D033BD /* WormSpeech.swift */,
				99437D261FA46428007515F1 /* NetworkRequest.swift */,
			);
			path = Helper;
			sourceTree = "<group>";
		};
		9986F52B1FA52132006357B7 /* Resources */ = {
			isa = PBXGroup;
			children = (
				99CAC3801FA5536800A81195 /* bubblePop.wav */,
				9986F52C1FA5215C006357B7 /* Bubblegum.ttf */,
			);
			path = Resources;
			sourceTree = "<group>";
		};
		99ADAAF81FA52F9F007CD13A /* Frameworks */ = {
			isa = PBXGroup;
			children = (
				99ADAAF91FA52F9F007CD13A /* AVFoundation.framework */,
				D869428B084E44E11A09683B /* Pods_LearnyTheWormy.framework */,
			);
			name = Frameworks;
			sourceTree = "<group>";
		};
		99EB5EB51FA5AEB0006F236C /* Views */ = {
			isa = PBXGroup;
			children = (
				99EB5EB61FA5AF3C006F236C /* AvatarCell.swift */,
			);
			path = Views;
			sourceTree = "<group>";
		};
		E19BBDA594F93FCC9E6D6E3D /* Pods */ = {
			isa = PBXGroup;
			children = (
				4A9EA31B75CA6C59F23ED790 /* Pods-LearnyTheWormy.debug.xcconfig */,
				2F24222C75FA2E217E7B1DF9 /* Pods-LearnyTheWormy.release.xcconfig */,
			);
			name = Pods;
			sourceTree = "<group>";
		};
/* End PBXGroup section */

/* Begin PBXNativeTarget section */
		994110061FA40CF10070E187 /* LearnyTheWormy */ = {
			isa = PBXNativeTarget;
			buildConfigurationList = 994110191FA40CF10070E187 /* Build configuration list for PBXNativeTarget "LearnyTheWormy" */;
			buildPhases = (
				49805114819C551013944118 /* [CP] Check Pods Manifest.lock */,
				994110031FA40CF10070E187 /* Sources */,
				994110041FA40CF10070E187 /* Frameworks */,
				994110051FA40CF10070E187 /* Resources */,
				E272304A6AA2A7718693258B /* [CP] Embed Pods Frameworks */,
				5ED60960C619723CD8F08F8B /* [CP] Copy Pods Resources */,
			);
			buildRules = (
			);
			dependencies = (
			);
			name = LearnyTheWormy;
			productName = LearnyTheWormy;
			productReference = 994110071FA40CF10070E187 /* LearnyTheWormy.app */;
			productType = "com.apple.product-type.application";
		};
/* End PBXNativeTarget section */

/* Begin PBXProject section */
		99410FFF1FA40CF10070E187 /* Project object */ = {
			isa = PBXProject;
			attributes = {
				LastSwiftUpdateCheck = 0910;
				LastUpgradeCheck = 0910;
				ORGANIZATIONNAME = "Chenyang Zhang";
				TargetAttributes = {
					994110061FA40CF10070E187 = {
						CreatedOnToolsVersion = 9.1;
						ProvisioningStyle = Automatic;
					};
				};
			};
			buildConfigurationList = 994110021FA40CF10070E187 /* Build configuration list for PBXProject "LearnyTheWormy" */;
			compatibilityVersion = "Xcode 8.0";
			developmentRegion = en;
			hasScannedForEncodings = 0;
			knownRegions = (
				en,
				Base,
			);
			mainGroup = 99410FFE1FA40CF10070E187;
			productRefGroup = 994110081FA40CF10070E187 /* Products */;
			projectDirPath = "";
			projectRoot = "";
			targets = (
				994110061FA40CF10070E187 /* LearnyTheWormy */,
			);
		};
/* End PBXProject section */

/* Begin PBXResourcesBuildPhase section */
		994110051FA40CF10070E187 /* Resources */ = {
			isa = PBXResourcesBuildPhase;
			buildActionMask = 2147483647;
			files = (
				99CAC3811FA5536800A81195 /* bubblePop.wav in Resources */,
				994110151FA40CF10070E187 /* LaunchScreen.storyboard in Resources */,
				994110121FA40CF10070E187 /* Assets.xcassets in Resources */,
				9986F52E1FA52173006357B7 /* Bubblegum.ttf in Resources */,
				994110101FA40CF10070E187 /* Main.storyboard in Resources */,
			);
			runOnlyForDeploymentPostprocessing = 0;
		};
/* End PBXResourcesBuildPhase section */

/* Begin PBXShellScriptBuildPhase section */
		49805114819C551013944118 /* [CP] Check Pods Manifest.lock */ = {
			isa = PBXShellScriptBuildPhase;
			buildActionMask = 2147483647;
			files = (
			);
			inputPaths = (
				"${PODS_PODFILE_DIR_PATH}/Podfile.lock",
				"${PODS_ROOT}/Manifest.lock",
			);
			name = "[CP] Check Pods Manifest.lock";
			outputPaths = (
				"$(DERIVED_FILE_DIR)/Pods-LearnyTheWormy-checkManifestLockResult.txt",
			);
			runOnlyForDeploymentPostprocessing = 0;
			shellPath = /bin/sh;
			shellScript = "diff \"${PODS_PODFILE_DIR_PATH}/Podfile.lock\" \"${PODS_ROOT}/Manifest.lock\" > /dev/null\nif [ $? != 0 ] ; then\n    # print error to STDERR\n    echo \"error: The sandbox is not in sync with the Podfile.lock. Run 'pod install' or update your CocoaPods installation.\" >&2\n    exit 1\nfi\n# This output is used by Xcode 'outputs' to avoid re-running this script phase.\necho \"SUCCESS\" > \"${SCRIPT_OUTPUT_FILE_0}\"\n";
			showEnvVarsInLog = 0;
		};
		5ED60960C619723CD8F08F8B /* [CP] Copy Pods Resources */ = {
			isa = PBXShellScriptBuildPhase;
			buildActionMask = 2147483647;
			files = (
			);
			inputPaths = (
			);
			name = "[CP] Copy Pods Resources";
			outputPaths = (
			);
			runOnlyForDeploymentPostprocessing = 0;
			shellPath = /bin/sh;
			shellScript = "\"${SRCROOT}/Pods/Target Support Files/Pods-LearnyTheWormy/Pods-LearnyTheWormy-resources.sh\"\n";
			showEnvVarsInLog = 0;
		};
		E272304A6AA2A7718693258B /* [CP] Embed Pods Frameworks */ = {
			isa = PBXShellScriptBuildPhase;
			buildActionMask = 2147483647;
			files = (
			);
			inputPaths = (
				"${SRCROOT}/Pods/Target Support Files/Pods-LearnyTheWormy/Pods-LearnyTheWormy-frameworks.sh",
				"${BUILT_PRODUCTS_DIR}/Kingfisher/Kingfisher.framework",
			);
			name = "[CP] Embed Pods Frameworks";
			outputPaths = (
				"${TARGET_BUILD_DIR}/${FRAMEWORKS_FOLDER_PATH}/Kingfisher.framework",
			);
			runOnlyForDeploymentPostprocessing = 0;
			shellPath = /bin/sh;
			shellScript = "\"${SRCROOT}/Pods/Target Support Files/Pods-LearnyTheWormy/Pods-LearnyTheWormy-frameworks.sh\"\n";
			showEnvVarsInLog = 0;
		};
/* End PBXShellScriptBuildPhase section */

/* Begin PBXSourcesBuildPhase section */
		994110031FA40CF10070E187 /* Sources */ = {
			isa = PBXSourcesBuildPhase;
			buildActionMask = 2147483647;
			files = (
				997C327E1FA5681400D033BD /* WormSpeech.swift in Sources */,
				998A0BBB1FA4404600C88875 /* LWTextField.swift in Sources */,
				9941100D1FA40CF10070E187 /* ViewController.swift in Sources */,
				997C32831FA57B6600D033BD /* String.swift in Sources */,
				9941101E1FA41F270070E187 /* UIColor.swift in Sources */,
				99EB5EB41FA59A00006F236C /* AvatarViewController.swift in Sources */,
				99437D271FA46428007515F1 /* NetworkRequest.swift in Sources */,
				9941100B1FA40CF10070E187 /* AppDelegate.swift in Sources */,
				997C32801FA5691800D033BD /* UIViewController.swift in Sources */,
				99EB5EB71FA5AF3C006F236C /* AvatarCell.swift in Sources */,
				9986F52A1FA510C7006357B7 /* LWLabel.swift in Sources */,
			);
			runOnlyForDeploymentPostprocessing = 0;
		};
/* End PBXSourcesBuildPhase section */

/* Begin PBXVariantGroup section */
		9941100E1FA40CF10070E187 /* Main.storyboard */ = {
			isa = PBXVariantGroup;
			children = (
				9941100F1FA40CF10070E187 /* Base */,
			);
			name = Main.storyboard;
			sourceTree = "<group>";
		};
		994110131FA40CF10070E187 /* LaunchScreen.storyboard */ = {
			isa = PBXVariantGroup;
			children = (
				994110141FA40CF10070E187 /* Base */,
			);
			name = LaunchScreen.storyboard;
			sourceTree = "<group>";
		};
/* End PBXVariantGroup section */

/* Begin XCBuildConfiguration section */
		994110171FA40CF10070E187 /* Debug */ = {
			isa = XCBuildConfiguration;
			buildSettings = {
				ALWAYS_SEARCH_USER_PATHS = NO;
				CLANG_ANALYZER_NONNULL = YES;
				CLANG_ANALYZER_NUMBER_OBJECT_CONVERSION = YES_AGGRESSIVE;
				CLANG_CXX_LANGUAGE_STANDARD = "gnu++14";
				CLANG_CXX_LIBRARY = "libc++";
				CLANG_ENABLE_MODULES = YES;
				CLANG_ENABLE_OBJC_ARC = YES;
				CLANG_WARN_BLOCK_CAPTURE_AUTORELEASING = YES;
				CLANG_WARN_BOOL_CONVERSION = YES;
				CLANG_WARN_COMMA = YES;
				CLANG_WARN_CONSTANT_CONVERSION = YES;
				CLANG_WARN_DIRECT_OBJC_ISA_USAGE = YES_ERROR;
				CLANG_WARN_DOCUMENTATION_COMMENTS = YES;
				CLANG_WARN_EMPTY_BODY = YES;
				CLANG_WARN_ENUM_CONVERSION = YES;
				CLANG_WARN_INFINITE_RECURSION = YES;
				CLANG_WARN_INT_CONVERSION = YES;
				CLANG_WARN_NON_LITERAL_NULL_CONVERSION = YES;
				CLANG_WARN_OBJC_LITERAL_CONVERSION = YES;
				CLANG_WARN_OBJC_ROOT_CLASS = YES_ERROR;
				CLANG_WARN_RANGE_LOOP_ANALYSIS = YES;
				CLANG_WARN_STRICT_PROTOTYPES = YES;
				CLANG_WARN_SUSPICIOUS_MOVE = YES;
				CLANG_WARN_UNGUARDED_AVAILABILITY = YES_AGGRESSIVE;
				CLANG_WARN_UNREACHABLE_CODE = YES;
				CLANG_WARN__DUPLICATE_METHOD_MATCH = YES;
				CODE_SIGN_IDENTITY = "iPhone Developer";
				COPY_PHASE_STRIP = NO;
				DEBUG_INFORMATION_FORMAT = dwarf;
				ENABLE_STRICT_OBJC_MSGSEND = YES;
				ENABLE_TESTABILITY = YES;
				GCC_C_LANGUAGE_STANDARD = gnu11;
				GCC_DYNAMIC_NO_PIC = NO;
				GCC_NO_COMMON_BLOCKS = YES;
				GCC_OPTIMIZATION_LEVEL = 0;
				GCC_PREPROCESSOR_DEFINITIONS = (
					"DEBUG=1",
					"$(inherited)",
				);
				GCC_WARN_64_TO_32_BIT_CONVERSION = YES;
				GCC_WARN_ABOUT_RETURN_TYPE = YES_ERROR;
				GCC_WARN_UNDECLARED_SELECTOR = YES;
				GCC_WARN_UNINITIALIZED_AUTOS = YES_AGGRESSIVE;
				GCC_WARN_UNUSED_FUNCTION = YES;
				GCC_WARN_UNUSED_VARIABLE = YES;
				IPHONEOS_DEPLOYMENT_TARGET = 11.1;
				MTL_ENABLE_DEBUG_INFO = YES;
				ONLY_ACTIVE_ARCH = YES;
				SDKROOT = iphoneos;
				SWIFT_ACTIVE_COMPILATION_CONDITIONS = DEBUG;
				SWIFT_OPTIMIZATION_LEVEL = "-Onone";
			};
			name = Debug;
		};
		994110181FA40CF10070E187 /* Release */ = {
			isa = XCBuildConfiguration;
			buildSettings = {
				ALWAYS_SEARCH_USER_PATHS = NO;
				CLANG_ANALYZER_NONNULL = YES;
				CLANG_ANALYZER_NUMBER_OBJECT_CONVERSION = YES_AGGRESSIVE;
				CLANG_CXX_LANGUAGE_STANDARD = "gnu++14";
				CLANG_CXX_LIBRARY = "libc++";
				CLANG_ENABLE_MODULES = YES;
				CLANG_ENABLE_OBJC_ARC = YES;
				CLANG_WARN_BLOCK_CAPTURE_AUTORELEASING = YES;
				CLANG_WARN_BOOL_CONVERSION = YES;
				CLANG_WARN_COMMA = YES;
				CLANG_WARN_CONSTANT_CONVERSION = YES;
				CLANG_WARN_DIRECT_OBJC_ISA_USAGE = YES_ERROR;
				CLANG_WARN_DOCUMENTATION_COMMENTS = YES;
				CLANG_WARN_EMPTY_BODY = YES;
				CLANG_WARN_ENUM_CONVERSION = YES;
				CLANG_WARN_INFINITE_RECURSION = YES;
				CLANG_WARN_INT_CONVERSION = YES;
				CLANG_WARN_NON_LITERAL_NULL_CONVERSION = YES;
				CLANG_WARN_OBJC_LITERAL_CONVERSION = YES;
				CLANG_WARN_OBJC_ROOT_CLASS = YES_ERROR;
				CLANG_WARN_RANGE_LOOP_ANALYSIS = YES;
				CLANG_WARN_STRICT_PROTOTYPES = YES;
				CLANG_WARN_SUSPICIOUS_MOVE = YES;
				CLANG_WARN_UNGUARDED_AVAILABILITY = YES_AGGRESSIVE;
				CLANG_WARN_UNREACHABLE_CODE = YES;
				CLANG_WARN__DUPLICATE_METHOD_MATCH = YES;
				CODE_SIGN_IDENTITY = "iPhone Developer";
				COPY_PHASE_STRIP = NO;
				DEBUG_INFORMATION_FORMAT = "dwarf-with-dsym";
				ENABLE_NS_ASSERTIONS = NO;
				ENABLE_STRICT_OBJC_MSGSEND = YES;
				GCC_C_LANGUAGE_STANDARD = gnu11;
				GCC_NO_COMMON_BLOCKS = YES;
				GCC_WARN_64_TO_32_BIT_CONVERSION = YES;
				GCC_WARN_ABOUT_RETURN_TYPE = YES_ERROR;
				GCC_WARN_UNDECLARED_SELECTOR = YES;
				GCC_WARN_UNINITIALIZED_AUTOS = YES_AGGRESSIVE;
				GCC_WARN_UNUSED_FUNCTION = YES;
				GCC_WARN_UNUSED_VARIABLE = YES;
				IPHONEOS_DEPLOYMENT_TARGET = 11.1;
				MTL_ENABLE_DEBUG_INFO = NO;
				SDKROOT = iphoneos;
				SWIFT_OPTIMIZATION_LEVEL = "-Owholemodule";
				VALIDATE_PRODUCT = YES;
			};
			name = Release;
		};
		9941101A1FA40CF10070E187 /* Debug */ = {
			isa = XCBuildConfiguration;
			baseConfigurationReference = 4A9EA31B75CA6C59F23ED790 /* Pods-LearnyTheWormy.debug.xcconfig */;
			buildSettings = {
				ASSETCATALOG_COMPILER_APPICON_NAME = AppIcon;
				CODE_SIGN_STYLE = Automatic;
				DEVELOPMENT_TEAM = 6MNS2MMD8U;
				INFOPLIST_FILE = LearnyTheWormy/Info.plist;
				IPHONEOS_DEPLOYMENT_TARGET = 9.3;
				LD_RUNPATH_SEARCH_PATHS = "$(inherited) @executable_path/Frameworks";
				PRODUCT_BUNDLE_IDENTIFIER = com.chenyangzhang.LearnyTheWormy;
				PRODUCT_NAME = "$(TARGET_NAME)";
				SWIFT_VERSION = 4.0;
				TARGETED_DEVICE_FAMILY = "1,2";
			};
			name = Debug;
		};
		9941101B1FA40CF10070E187 /* Release */ = {
			isa = XCBuildConfiguration;
			baseConfigurationReference = 2F24222C75FA2E217E7B1DF9 /* Pods-LearnyTheWormy.release.xcconfig */;
			buildSettings = {
				ASSETCATALOG_COMPILER_APPICON_NAME = AppIcon;
				CODE_SIGN_STYLE = Automatic;
				DEVELOPMENT_TEAM = 6MNS2MMD8U;
				INFOPLIST_FILE = LearnyTheWormy/Info.plist;
				IPHONEOS_DEPLOYMENT_TARGET = 9.3;
				LD_RUNPATH_SEARCH_PATHS = "$(inherited) @executable_path/Frameworks";
				PRODUCT_BUNDLE_IDENTIFIER = com.chenyangzhang.LearnyTheWormy;
				PRODUCT_NAME = "$(TARGET_NAME)";
				SWIFT_VERSION = 4.0;
				TARGETED_DEVICE_FAMILY = "1,2";
			};
			name = Release;
		};
/* End XCBuildConfiguration section */

/* Begin XCConfigurationList section */
		994110021FA40CF10070E187 /* Build configuration list for PBXProject "LearnyTheWormy" */ = {
			isa = XCConfigurationList;
			buildConfigurations = (
				994110171FA40CF10070E187 /* Debug */,
				994110181FA40CF10070E187 /* Release */,
			);
			defaultConfigurationIsVisible = 0;
			defaultConfigurationName = Release;
		};
		994110191FA40CF10070E187 /* Build configuration list for PBXNativeTarget "LearnyTheWormy" */ = {
			isa = XCConfigurationList;
			buildConfigurations = (
				9941101A1FA40CF10070E187 /* Debug */,
				9941101B1FA40CF10070E187 /* Release */,
			);
			defaultConfigurationIsVisible = 0;
			defaultConfigurationName = Release;
		};
/* End XCConfigurationList section */
	};
	rootObject = 99410FFF1FA40CF10070E187 /* Project object */;
}
